// !$*UTF8*$!
{
	archiveVersion = 1;
	classes = {
	};
	objectVersion = 50;
	objects = {

/* Begin PBXBuildFile section */
		09070409224939D8003EB7C9 /* AppDelegate.swift in Sources */ = {isa = PBXBuildFile; fileRef = 09070408224939D8003EB7C9 /* AppDelegate.swift */; };
		0907040B224939D8003EB7C9 /* ViewController.swift in Sources */ = {isa = PBXBuildFile; fileRef = 0907040A224939D8003EB7C9 /* ViewController.swift */; };
		0907040E224939D8003EB7C9 /* Main.storyboard in Resources */ = {isa = PBXBuildFile; fileRef = 0907040C224939D8003EB7C9 /* Main.storyboard */; };
		09070410224939D9003EB7C9 /* Assets.xcassets in Resources */ = {isa = PBXBuildFile; fileRef = 0907040F224939D9003EB7C9 /* Assets.xcassets */; };
		09070413224939D9003EB7C9 /* LaunchScreen.storyboard in Resources */ = {isa = PBXBuildFile; fileRef = 09070411224939D9003EB7C9 /* LaunchScreen.storyboard */; };
		098B0601224BD17100CC834C /* TriviaViewController.swift in Sources */ = {isa = PBXBuildFile; fileRef = 098B0600224BD17100CC834C /* TriviaViewController.swift */; };
		098B0606224BEDF200CC834C /* QuestionBank.swift in Sources */ = {isa = PBXBuildFile; fileRef = 098B0605224BEDF200CC834C /* QuestionBank.swift */; };
		098B0608224BEE0200CC834C /* Question.swift in Sources */ = {isa = PBXBuildFile; fileRef = 098B0607224BEE0200CC834C /* Question.swift */; };
/* End PBXBuildFile section */

/* Begin PBXFileReference section */
		09070405224939D8003EB7C9 /* Trivia Rock Ultime.app */ = {isa = PBXFileReference; explicitFileType = wrapper.application; includeInIndex = 0; path = "Trivia Rock Ultime.app"; sourceTree = BUILT_PRODUCTS_DIR; };
		09070408224939D8003EB7C9 /* AppDelegate.swift */ = {isa = PBXFileReference; lastKnownFileType = sourcecode.swift; path = AppDelegate.swift; sourceTree = "<group>"; };
		0907040A224939D8003EB7C9 /* ViewController.swift */ = {isa = PBXFileReference; lastKnownFileType = sourcecode.swift; path = ViewController.swift; sourceTree = "<group>"; };
		0907040D224939D8003EB7C9 /* Base */ = {isa = PBXFileReference; lastKnownFileType = file.storyboard; name = Base; path = Base.lproj/Main.storyboard; sourceTree = "<group>"; };
		0907040F224939D9003EB7C9 /* Assets.xcassets */ = {isa = PBXFileReference; lastKnownFileType = folder.assetcatalog; path = Assets.xcassets; sourceTree = "<group>"; };
		09070412224939D9003EB7C9 /* Base */ = {isa = PBXFileReference; lastKnownFileType = file.storyboard; name = Base; path = Base.lproj/LaunchScreen.storyboard; sourceTree = "<group>"; };
		09070414224939D9003EB7C9 /* Info.plist */ = {isa = PBXFileReference; lastKnownFileType = text.plist.xml; path = Info.plist; sourceTree = "<group>"; };
		098B0600224BD17100CC834C /* TriviaViewController.swift */ = {isa = PBXFileReference; lastKnownFileType = sourcecode.swift; path = TriviaViewController.swift; sourceTree = "<group>"; };
		098B0605224BEDF200CC834C /* QuestionBank.swift */ = {isa = PBXFileReference; lastKnownFileType = sourcecode.swift; path = QuestionBank.swift; sourceTree = "<group>"; };
		098B0607224BEE0200CC834C /* Question.swift */ = {isa = PBXFileReference; lastKnownFileType = sourcecode.swift; path = Question.swift; sourceTree = "<group>"; };
/* End PBXFileReference section */

/* Begin PBXFrameworksBuildPhase section */
		09070402224939D8003EB7C9 /* Frameworks */ = {
			isa = PBXFrameworksBuildPhase;
			buildActionMask = 2147483647;
			files = (
			);
			runOnlyForDeploymentPostprocessing = 0;
		};
/* End PBXFrameworksBuildPhase section */

/* Begin PBXGroup section */
		090703FC224939D8003EB7C9 = {
			isa = PBXGroup;
			children = (
				09070407224939D8003EB7C9 /* Trivia Rock Ultime */,
				09070406224939D8003EB7C9 /* Products */,
			);
			sourceTree = "<group>";
		};
		09070406224939D8003EB7C9 /* Products */ = {
			isa = PBXGroup;
			children = (
				09070405224939D8003EB7C9 /* Trivia Rock Ultime.app */,
			);
			name = Products;
			sourceTree = "<group>";
		};
		09070407224939D8003EB7C9 /* Trivia Rock Ultime */ = {
			isa = PBXGroup;
			children = (
				09070408224939D8003EB7C9 /* AppDelegate.swift */,
				098B0603224BE0FE00CC834C /* Controller */,
				098B0602224BE0C400CC834C /* View */,
				098B0609224BEE0800CC834C /* Model */,
				098B0604224BE17500CC834C /* Supporting Files */,
				09070414224939D9003EB7C9 /* Info.plist */,
			);
			path = "Trivia Rock Ultime";
			sourceTree = "<group>";
		};
		098B0602224BE0C400CC834C /* View */ = {
			isa = PBXGroup;
			children = (
				0907040C224939D8003EB7C9 /* Main.storyboard */,
			);
			path = View;
			sourceTree = "<group>";
		};
		098B0603224BE0FE00CC834C /* Controller */ = {
			isa = PBXGroup;
			children = (
				098B0600224BD17100CC834C /* TriviaViewController.swift */,
				0907040A224939D8003EB7C9 /* ViewController.swift */,
			);
			path = Controller;
			sourceTree = "<group>";
		};
		098B0604224BE17500CC834C /* Supporting Files */ = {
			isa = PBXGroup;
			children = (
				0907040F224939D9003EB7C9 /* Assets.xcassets */,
				09070411224939D9003EB7C9 /* LaunchScreen.storyboard */,
			);
			path = "Supporting Files";
			sourceTree = "<group>";
		};
		098B0609224BEE0800CC834C /* Model */ = {
			isa = PBXGroup;
			children = (
				098B0607224BEE0200CC834C /* Question.swift */,
				098B0605224BEDF200CC834C /* QuestionBank.swift */,
			);
			path = Model;
			sourceTree = "<group>";
		};
/* End PBXGroup section */

/* Begin PBXNativeTarget section */
		09070404224939D8003EB7C9 /* Trivia Rock Ultime */ = {
			isa = PBXNativeTarget;
			buildConfigurationList = 09070417224939D9003EB7C9 /* Build configuration list for PBXNativeTarget "Trivia Rock Ultime" */;
			buildPhases = (
				09070401224939D8003EB7C9 /* Sources */,
				09070402224939D8003EB7C9 /* Frameworks */,
				09070403224939D8003EB7C9 /* Resources */,
			);
			buildRules = (
			);
			dependencies = (
			);
			name = "Trivia Rock Ultime";
			productName = "Trivia Rock Ultime";
			productReference = 09070405224939D8003EB7C9 /* Trivia Rock Ultime.app */;
			productType = "com.apple.product-type.application";
		};
/* End PBXNativeTarget section */

/* Begin PBXProject section */
		090703FD224939D8003EB7C9 /* Project object */ = {
			isa = PBXProject;
			attributes = {
				LastSwiftUpdateCheck = 1010;
				LastUpgradeCheck = 1010;
				ORGANIZATIONNAME = "Olivier Caron";
				TargetAttributes = {
					09070404224939D8003EB7C9 = {
						CreatedOnToolsVersion = 10.1;
						LastSwiftMigration = 1020;
					};
				};
			};
			buildConfigurationList = 09070400224939D8003EB7C9 /* Build configuration list for PBXProject "Trivia Rock Ultime" */;
			compatibilityVersion = "Xcode 9.3";
			developmentRegion = en;
			hasScannedForEncodings = 0;
			knownRegions = (
				en,
				Base,
			);
			mainGroup = 090703FC224939D8003EB7C9;
			productRefGroup = 09070406224939D8003EB7C9 /* Products */;
			projectDirPath = "";
			projectRoot = "";
			targets = (
				09070404224939D8003EB7C9 /* Trivia Rock Ultime */,
			);
		};
/* End PBXProject section */

/* Begin PBXResourcesBuildPhase section */
		09070403224939D8003EB7C9 /* Resources */ = {
			isa = PBXResourcesBuildPhase;
			buildActionMask = 2147483647;
			files = (
				09070413224939D9003EB7C9 /* LaunchScreen.storyboard in Resources */,
				09070410224939D9003EB7C9 /* Assets.xcassets in Resources */,
				0907040E224939D8003EB7C9 /* Main.storyboard in Resources */,
			);
			runOnlyForDeploymentPostprocessing = 0;
		};
/* End PBXResourcesBuildPhase section */

/* Begin PBXSourcesBuildPhase section */
		09070401224939D8003EB7C9 /* Sources */ = {
			isa = PBXSourcesBuildPhase;
			buildActionMask = 2147483647;
			files = (
				098B0608224BEE0200CC834C /* Question.swift in Sources */,
				0907040B224939D8003EB7C9 /* ViewController.swift in Sources */,
				098B0606224BEDF200CC834C /* QuestionBank.swift in Sources */,
				098B0601224BD17100CC834C /* TriviaViewController.swift in Sources */,
				09070409224939D8003EB7C9 /* AppDelegate.swift in Sources */,
			);
			runOnlyForDeploymentPostprocessing = 0;
		};
/* End PBXSourcesBuildPhase section */

/* Begin PBXVariantGroup section */
		0907040C224939D8003EB7C9 /* Main.storyboard */ = {
			isa = PBXVariantGroup;
			children = (
				0907040D224939D8003EB7C9 /* Base */,
			);
			name = Main.storyboard;
			sourceTree = "<group>";
		};
		09070411224939D9003EB7C9 /* LaunchScreen.storyboard */ = {
			isa = PBXVariantGroup;
			children = (
				09070412224939D9003EB7C9 /* Base */,
			);
			name = LaunchScreen.storyboard;
			sourceTree = "<group>";
		};
/* End PBXVariantGroup section */

/* Begin XCBuildConfiguration section */
		09070415224939D9003EB7C9 /* Debug */ = {
			isa = XCBuildConfiguration;
			buildSettings = {
				ALWAYS_SEARCH_USER_PATHS = NO;
				CLANG_ANALYZER_NONNULL = YES;
				CLANG_ANALYZER_NUMBER_OBJECT_CONVERSION = YES_AGGRESSIVE;
				CLANG_CXX_LANGUAGE_STANDARD = "gnu++14";
				CLANG_CXX_LIBRARY = "libc++";
				CLANG_ENABLE_MODULES = YES;
				CLANG_ENABLE_OBJC_ARC = YES;
				CLANG_ENABLE_OBJC_WEAK = YES;
				CLANG_WARN_BLOCK_CAPTURE_AUTORELEASING = YES;
				CLANG_WARN_BOOL_CONVERSION = YES;
				CLANG_WARN_COMMA = YES;
				CLANG_WARN_CONSTANT_CONVERSION = YES;
				CLANG_WARN_DEPRECATED_OBJC_IMPLEMENTATIONS = YES;
				CLANG_WARN_DIRECT_OBJC_ISA_USAGE = YES_ERROR;
				CLANG_WARN_DOCUMENTATION_COMMENTS = YES;
				CLANG_WARN_EMPTY_BODY = YES;
				CLANG_WARN_ENUM_CONVERSION = YES;
				CLANG_WARN_INFINITE_RECURSION = YES;
				CLANG_WARN_INT_CONVERSION = YES;
				CLANG_WARN_NON_LITERAL_NULL_CONVERSION = YES;
				CLANG_WARN_OBJC_IMPLICIT_RETAIN_SELF = YES;
				CLANG_WARN_OBJC_LITERAL_CONVERSION = YES;
				CLANG_WARN_OBJC_ROOT_CLASS = YES_ERROR;
				CLANG_WARN_RANGE_LOOP_ANALYSIS = YES;
				CLANG_WARN_STRICT_PROTOTYPES = YES;
				CLANG_WARN_SUSPICIOUS_MOVE = YES;
				CLANG_WARN_UNGUARDED_AVAILABILITY = YES_AGGRESSIVE;
				CLANG_WARN_UNREACHABLE_CODE = YES;
				CLANG_WARN__DUPLICATE_METHOD_MATCH = YES;
				CODE_SIGN_IDENTITY = "iPhone Developer";
				COPY_PHASE_STRIP = NO;
				DEBUG_INFORMATION_FORMAT = dwarf;
				ENABLE_STRICT_OBJC_MSGSEND = YES;
				ENABLE_TESTABILITY = YES;
				GCC_C_LANGUAGE_STANDARD = gnu11;
				GCC_DYNAMIC_NO_PIC = NO;
				GCC_NO_COMMON_BLOCKS = YES;
				GCC_OPTIMIZATION_LEVEL = 0;
				GCC_PREPROCESSOR_DEFINITIONS = (
					"DEBUG=1",
					"$(inherited)",
				);
				GCC_WARN_64_TO_32_BIT_CONVERSION = YES;
				GCC_WARN_ABOUT_RETURN_TYPE = YES_ERROR;
				GCC_WARN_UNDECLARED_SELECTOR = YES;
				GCC_WARN_UNINITIALIZED_AUTOS = YES_AGGRESSIVE;
				GCC_WARN_UNUSED_FUNCTION = YES;
				GCC_WARN_UNUSED_VARIABLE = YES;
				IPHONEOS_DEPLOYMENT_TARGET = 12.1;
				MTL_ENABLE_DEBUG_INFO = INCLUDE_SOURCE;
				MTL_FAST_MATH = YES;
				ONLY_ACTIVE_ARCH = YES;
				SDKROOT = iphoneos;
				SWIFT_ACTIVE_COMPILATION_CONDITIONS = DEBUG;
				SWIFT_OPTIMIZATION_LEVEL = "-Onone";
			};
			name = Debug;
		};
		09070416224939D9003EB7C9 /* Release */ = {
			isa = XCBuildConfiguration;
			buildSettings = {
				ALWAYS_SEARCH_USER_PATHS = NO;
				CLANG_ANALYZER_NONNULL = YES;
				CLANG_ANALYZER_NUMBER_OBJECT_CONVERSION = YES_AGGRESSIVE;
				CLANG_CXX_LANGUAGE_STANDARD = "gnu++14";
				CLANG_CXX_LIBRARY = "libc++";
				CLANG_ENABLE_MODULES = YES;
				CLANG_ENABLE_OBJC_ARC = YES;
				CLANG_ENABLE_OBJC_WEAK = YES;
				CLANG_WARN_BLOCK_CAPTURE_AUTORELEASING = YES;
				CLANG_WARN_BOOL_CONVERSION = YES;
				CLANG_WARN_COMMA = YES;
				CLANG_WARN_CONSTANT_CONVERSION = YES;
				CLANG_WARN_DEPRECATED_OBJC_IMPLEMENTATIONS = YES;
				CLANG_WARN_DIRECT_OBJC_ISA_USAGE = YES_ERROR;
				CLANG_WARN_DOCUMENTATION_COMMENTS = YES;
				CLANG_WARN_EMPTY_BODY = YES;
				CLANG_WARN_ENUM_CONVERSION = YES;
				CLANG_WARN_INFINITE_RECURSION = YES;
				CLANG_WARN_INT_CONVERSION = YES;
				CLANG_WARN_NON_LITERAL_NULL_CONVERSION = YES;
				CLANG_WARN_OBJC_IMPLICIT_RETAIN_SELF = YES;
				CLANG_WARN_OBJC_LITERAL_CONVERSION = YES;
				CLANG_WARN_OBJC_ROOT_CLASS = YES_ERROR;
				CLANG_WARN_RANGE_LOOP_ANALYSIS = YES;
				CLANG_WARN_STRICT_PROTOTYPES = YES;
				CLANG_WARN_SUSPICIOUS_MOVE = YES;
				CLANG_WARN_UNGUARDED_AVAILABILITY = YES_AGGRESSIVE;
				CLANG_WARN_UNREACHABLE_CODE = YES;
				CLANG_WARN__DUPLICATE_METHOD_MATCH = YES;
				CODE_SIGN_IDENTITY = "iPhone Developer";
				COPY_PHASE_STRIP = NO;
				DEBUG_INFORMATION_FORMAT = "dwarf-with-dsym";
				ENABLE_NS_ASSERTIONS = NO;
				ENABLE_STRICT_OBJC_MSGSEND = YES;
				GCC_C_LANGUAGE_STANDARD = gnu11;
				GCC_NO_COMMON_BLOCKS = YES;
				GCC_WARN_64_TO_32_BIT_CONVERSION = YES;
				GCC_WARN_ABOUT_RETURN_TYPE = YES_ERROR;
				GCC_WARN_UNDECLARED_SELECTOR = YES;
				GCC_WARN_UNINITIALIZED_AUTOS = YES_AGGRESSIVE;
				GCC_WARN_UNUSED_FUNCTION = YES;
				GCC_WARN_UNUSED_VARIABLE = YES;
				IPHONEOS_DEPLOYMENT_TARGET = 12.1;
				MTL_ENABLE_DEBUG_INFO = NO;
				MTL_FAST_MATH = YES;
				SDKROOT = iphoneos;
				SWIFT_COMPILATION_MODE = wholemodule;
				SWIFT_OPTIMIZATION_LEVEL = "-O";
				VALIDATE_PRODUCT = YES;
			};
			name = Release;
		};
		09070418224939D9003EB7C9 /* Debug */ = {
			isa = XCBuildConfiguration;
			buildSettings = {
				ASSETCATALOG_COMPILER_APPICON_NAME = AppIcon;
				CODE_SIGN_STYLE = Automatic;
				DEVELOPMENT_TEAM = K85W3NT78V;
				INFOPLIST_FILE = "Trivia Rock Ultime/Info.plist";
				LD_RUNPATH_SEARCH_PATHS = (
					"$(inherited)",
					"@executable_path/Frameworks",
				);
				PRODUCT_BUNDLE_IDENTIFIER = "com.OlivierCaron.Trivia-Rock-Ultime";
				PRODUCT_NAME = "$(TARGET_NAME)";
				SWIFT_VERSION = 4.2;
				TARGETED_DEVICE_FAMILY = "1,2";
			};
			name = Debug;
		};
		09070419224939D9003EB7C9 /* Release */ = {
			isa = XCBuildConfiguration;
			buildSettings = {
				ASSETCATALOG_COMPILER_APPICON_NAME = AppIcon;
				CODE_SIGN_STYLE = Automatic;
				DEVELOPMENT_TEAM = K85W3NT78V;
				INFOPLIST_FILE = "Trivia Rock Ultime/Info.plist";
				LD_RUNPATH_SEARCH_PATHS = (
					"$(inherited)",
					"@executable_path/Frameworks",
				);
				PRODUCT_BUNDLE_IDENTIFIER = "com.OlivierCaron.Trivia-Rock-Ultime";
				PRODUCT_NAME = "$(TARGET_NAME)";
				SWIFT_VERSION = 4.2;
				TARGETED_DEVICE_FAMILY = "1,2";
			};
			name = Release;
		};
/* End XCBuildConfiguration section */

/* Begin XCConfigurationList section */
		09070400224939D8003EB7C9 /* Build configuration list for PBXProject "Trivia Rock Ultime" */ = {
			isa = XCConfigurationList;
			buildConfigurations = (
				09070415224939D9003EB7C9 /* Debug */,
				09070416224939D9003EB7C9 /* Release */,
			);
			defaultConfigurationIsVisible = 0;
			defaultConfigurationName = Release;
		};
		09070417224939D9003EB7C9 /* Build configuration list for PBXNativeTarget "Trivia Rock Ultime" */ = {
			isa = XCConfigurationList;
			buildConfigurations = (
				09070418224939D9003EB7C9 /* Debug */,
				09070419224939D9003EB7C9 /* Release */,
			);
			defaultConfigurationIsVisible = 0;
			defaultConfigurationName = Release;
		};
/* End XCConfigurationList section */
	};
	rootObject = 090703FD224939D8003EB7C9 /* Project object */;
}
